lockVersion: 2.0.0
id: 8a995620-48b2-4205-9c95-cb0a1066a183
management:
  docChecksum: 8603d6305c152345bd5e6c66833951ff
  docVersion: 0.1.0
  speakeasyVersion: internal
  generationVersion: 2.277.0
  releaseVersion: 0.0.1
  configChecksum: e1395ad43f55205369d12802ea1bd3e1
  repoURL: https://github.com/speakeasy-sdks/demo-typescript1.git
  repoSubDirectory: .
  installationURL: https://github.com/speakeasy-sdks/demo-typescript1
features:
  typescript:
    constsAndDefaults: 0.1.5
    core: 3.6.1
    globalSecurity: 2.82.4
    globalServerURLs: 2.82.3
    responseFormat: 0.1.0
    unions: 2.85.3
generatedFiles:
  - src/sdk/profile.ts
  - src/sdk/llm.ts
  - src/sdk/manage.ts
  - src/sdk/sdk.ts
  - .eslintrc.js
  - .npmignore
  - RUNTIMES.md
  - package.json
  - src/index.ts
  - src/lib/base64.ts
  - src/lib/config.ts
  - src/lib/encodings.ts
  - src/lib/event-streams.ts
  - src/lib/http.ts
  - src/lib/retries.ts
  - src/lib/schemas.ts
  - src/lib/sdks.ts
  - src/lib/security.ts
  - src/lib/url.ts
  - src/sdk/index.ts
  - src/models/errors/sdkerror.ts
  - src/models/errors/sdkvalidationerror.ts
  - src/types/blobs.ts
  - src/types/decimal.ts
  - src/types/index.ts
  - src/types/operations.ts
  - src/types/rfcdate.ts
  - tsconfig.json
  - src/models/operations/log.ts
  - src/models/operations/logembeddings.ts
  - src/models/operations/logpubsub.ts
  - src/models/operations/logpubsubembedding.ts
  - src/models/operations/logllm.ts
  - src/models/operations/evaluate.ts
  - src/models/operations/listmetrics.ts
  - src/models/operations/validatellm.ts
  - src/models/operations/publish.ts
  - src/models/operations/health.ts
  - src/models/operations/status.ts
  - src/models/operations/debuginfo.ts
  - src/models/components/httpmetadata.ts
  - src/models/components/validationerror.ts
  - src/models/components/logrequest.ts
  - src/models/components/logmultiple.ts
  - src/models/components/logembeddingrequest.ts
  - src/models/components/llmvalidaterequest.ts
  - src/models/components/evaluationresult.ts
  - src/models/components/runperf.ts
  - src/models/components/validationfailure.ts
  - src/models/components/availablemetrics.ts
  - src/models/components/processloggerstatusresponse.ts
  - src/models/components/loggerstatusresponse.ts
  - src/models/components/security.ts
  - src/models/errors/httpvalidationerror.ts
  - src/models/errors/validationresult.ts
  - src/models/errors/failedevaluationresult.ts
  - src/models/errors/index.ts
  - src/models/operations/index.ts
  - src/models/components/index.ts
  - docs/models/operations/logresponse.md
  - docs/models/operations/logembeddingsresponse.md
  - docs/models/operations/logpubsubresponse.md
  - docs/models/operations/logpubsubembeddingresponse.md
  - docs/models/operations/logllmresponse.md
  - docs/models/operations/evaluaterequest.md
  - docs/models/operations/evaluateresponse.md
  - docs/models/operations/listmetricsresponse.md
  - docs/models/operations/validatellmrequest.md
  - docs/models/operations/validatellmresponse.md
  - docs/models/operations/publishresponse.md
  - docs/models/operations/healthresponse.md
  - docs/models/operations/statusresponse.md
  - docs/models/operations/debuginforesponse.md
  - docs/models/components/httpmetadata.md
  - docs/models/components/loc.md
  - docs/models/components/validationerror.md
  - docs/models/components/logrequest.md
  - docs/models/components/data.md
  - docs/models/components/logmultiple.md
  - docs/models/components/logembeddingrequest.md
  - docs/models/components/llmvalidaterequest.md
  - docs/models/components/metrics.md
  - docs/models/components/evaluationresult.md
  - docs/models/components/runperf.md
  - docs/models/components/value.md
  - docs/models/components/allowedvalues.md
  - docs/models/components/disallowedvalues.md
  - docs/models/components/validationfailure.md
  - docs/models/components/availablemetrics.md
  - docs/models/components/processloggerstatusresponse.md
  - docs/models/components/loggerstatusresponse.md
  - docs/models/components/security.md
  - docs/models/errors/httpvalidationerror.md
  - docs/models/errors/validationresult.md
  - docs/models/errors/metrics.md
  - docs/models/errors/failedevaluationresult.md
  - docs/sdks/dataservice/README.md
  - docs/sdks/profile/README.md
  - docs/sdks/llm/README.md
  - docs/sdks/manage/README.md
  - USAGE.md
  - .gitattributes
  - src/hooks/hooks.ts
  - src/hooks/types.ts
  - src/hooks/index.ts
